
Microsoft Visual Studio Solution File, Format Version 12.00
# Visual Studio Version 16
VisualStudioVersion = 16.0.29230.47
MinimumVisualStudioVersion = 10.0.40219.1
Project("{FAE04EC0-301F-11D3-BF4B-00C04F79EFBC}") = "Accesories.Android", "Accesories\Accesories.Android\Accesories.Android.csproj", "{B2AF4FE7-DA57-4BBE-A000-1449321A79B0}"
EndProject
Project("{FAE04EC0-301F-11D3-BF4B-00C04F79EFBC}") = "Accesories.iOS", "Accesories\Accesories.iOS\Accesories.iOS.csproj", "{152F9E4B-B7B4-49DC-9714-E9DED0B73FAB}"
EndProject
Project("{9A19103F-16F7-4668-BE54-9A1E7A4F7556}") = "Accesories", "Accesories\Accesories\Accesories.csproj", "{0C446569-E4BD-4CCD-AA34-E62E918B31C6}"
EndProject
Project("{FAE04EC0-301F-11D3-BF4B-00C04F79EFBC}") = "Accesories.Functions", "Accesories.Functions\Accesories.Functions.csproj", "{DF05F4F5-0EF9-4BCF-883B-7A42E2EA0842}"
EndProject
Project("{FAE04EC0-301F-11D3-BF4B-00C04F79EFBC}") = "Accesories.Common", "Accesories.Common\Accesories.Common.csproj", "{38E2A944-3E55-4DF9-806D-B9256C1EE4AE}"
EndProject
Global
	GlobalSection(SolutionConfigurationPlatforms) = preSolution
		Ad-Hoc|Any CPU = Ad-Hoc|Any CPU
		Ad-Hoc|iPhone = Ad-Hoc|iPhone
		Ad-Hoc|iPhoneSimulator = Ad-Hoc|iPhoneSimulator
		AppStore|Any CPU = AppStore|Any CPU
		AppStore|iPhone = AppStore|iPhone
		AppStore|iPhoneSimulator = AppStore|iPhoneSimulator
		Debug|Any CPU = Debug|Any CPU
		Debug|iPhone = Debug|iPhone
		Debug|iPhoneSimulator = Debug|iPhoneSimulator
		Release|Any CPU = Release|Any CPU
		Release|iPhone = Release|iPhone
		Release|iPhoneSimulator = Release|iPhoneSimulator
	EndGlobalSection
	GlobalSection(ProjectConfigurationPlatforms) = postSolution
		{B2AF4FE7-DA57-4BBE-A000-1449321A79B0}.Ad-Hoc|Any CPU.ActiveCfg = Release|Any CPU
		{B2AF4FE7-DA57-4BBE-A000-1449321A79B0}.Ad-Hoc|Any CPU.Build.0 = Release|Any CPU
		{B2AF4FE7-DA57-4BBE-A000-1449321A79B0}.Ad-Hoc|Any CPU.Deploy.0 = Release|Any CPU
		{B2AF4FE7-DA57-4BBE-A000-1449321A79B0}.Ad-Hoc|iPhone.ActiveCfg = Release|Any CPU
		{B2AF4FE7-DA57-4BBE-A000-1449321A79B0}.Ad-Hoc|iPhone.Build.0 = Release|Any CPU
		{B2AF4FE7-DA57-4BBE-A000-1449321A79B0}.Ad-Hoc|iPhone.Deploy.0 = Release|Any CPU
		{B2AF4FE7-DA57-4BBE-A000-1449321A79B0}.Ad-Hoc|iPhoneSimulator.ActiveCfg = Release|Any CPU
		{B2AF4FE7-DA57-4BBE-A000-1449321A79B0}.Ad-Hoc|iPhoneSimulator.Build.0 = Release|Any CPU
		{B2AF4FE7-DA57-4BBE-A000-1449321A79B0}.Ad-Hoc|iPhoneSimulator.Deploy.0 = Release|Any CPU
		{B2AF4FE7-DA57-4BBE-A000-1449321A79B0}.AppStore|Any CPU.ActiveCfg = Release|Any CPU
		{B2AF4FE7-DA57-4BBE-A000-1449321A79B0}.AppStore|Any CPU.Build.0 = Release|Any CPU
		{B2AF4FE7-DA57-4BBE-A000-1449321A79B0}.AppStore|Any CPU.Deploy.0 = Release|Any CPU
		{B2AF4FE7-DA57-4BBE-A000-1449321A79B0}.AppStore|iPhone.ActiveCfg = Release|Any CPU
		{B2AF4FE7-DA57-4BBE-A000-1449321A79B0}.AppStore|iPhone.Build.0 = Release|Any CPU
		{B2AF4FE7-DA57-4BBE-A000-1449321A79B0}.AppStore|iPhone.Deploy.0 = Release|Any CPU
		{B2AF4FE7-DA57-4BBE-A000-1449321A79B0}.AppStore|iPhoneSimulator.ActiveCfg = Release|Any CPU
		{B2AF4FE7-DA57-4BBE-A000-1449321A79B0}.AppStore|iPhoneSimulator.Build.0 = Release|Any CPU
		{B2AF4FE7-DA57-4BBE-A000-1449321A79B0}.AppStore|iPhoneSimulator.Deploy.0 = Release|Any CPU
		{B2AF4FE7-DA57-4BBE-A000-1449321A79B0}.Debug|Any CPU.ActiveCfg = Debug|Any CPU
		{B2AF4FE7-DA57-4BBE-A000-1449321A79B0}.Debug|Any CPU.Build.0 = Debug|Any CPU
		{B2AF4FE7-DA57-4BBE-A000-1449321A79B0}.Debug|Any CPU.Deploy.0 = Debug|Any CPU
		{B2AF4FE7-DA57-4BBE-A000-1449321A79B0}.Debug|iPhone.ActiveCfg = Debug|Any CPU
		{B2AF4FE7-DA57-4BBE-A000-1449321A79B0}.Debug|iPhone.Build.0 = Debug|Any CPU
		{B2AF4FE7-DA57-4BBE-A000-1449321A79B0}.Debug|iPhone.Deploy.0 = Debug|Any CPU
		{B2AF4FE7-DA57-4BBE-A000-1449321A79B0}.Debug|iPhoneSimulator.ActiveCfg = Debug|Any CPU
		{B2AF4FE7-DA57-4BBE-A000-1449321A79B0}.Debug|iPhoneSimulator.Build.0 = Debug|Any CPU
		{B2AF4FE7-DA57-4BBE-A000-1449321A79B0}.Debug|iPhoneSimulator.Deploy.0 = Debug|Any CPU
		{B2AF4FE7-DA57-4BBE-A000-1449321A79B0}.Release|Any CPU.ActiveCfg = Release|Any CPU
		{B2AF4FE7-DA57-4BBE-A000-1449321A79B0}.Release|Any CPU.Build.0 = Release|Any CPU
		{B2AF4FE7-DA57-4BBE-A000-1449321A79B0}.Release|Any CPU.Deploy.0 = Release|Any CPU
		{B2AF4FE7-DA57-4BBE-A000-1449321A79B0}.Release|iPhone.ActiveCfg = Release|Any CPU
		{B2AF4FE7-DA57-4BBE-A000-1449321A79B0}.Release|iPhone.Build.0 = Release|Any CPU
		{B2AF4FE7-DA57-4BBE-A000-1449321A79B0}.Release|iPhone.Deploy.0 = Release|Any CPU
		{B2AF4FE7-DA57-4BBE-A000-1449321A79B0}.Release|iPhoneSimulator.ActiveCfg = Release|Any CPU
		{B2AF4FE7-DA57-4BBE-A000-1449321A79B0}.Release|iPhoneSimulator.Build.0 = Release|Any CPU
		{B2AF4FE7-DA57-4BBE-A000-1449321A79B0}.Release|iPhoneSimulator.Deploy.0 = Release|Any CPU
		{152F9E4B-B7B4-49DC-9714-E9DED0B73FAB}.Ad-Hoc|Any CPU.ActiveCfg = Ad-Hoc|iPhone
		{152F9E4B-B7B4-49DC-9714-E9DED0B73FAB}.Ad-Hoc|Any CPU.Build.0 = Ad-Hoc|iPhone
		{152F9E4B-B7B4-49DC-9714-E9DED0B73FAB}.Ad-Hoc|Any CPU.Deploy.0 = Ad-Hoc|iPhone
		{152F9E4B-B7B4-49DC-9714-E9DED0B73FAB}.Ad-Hoc|iPhone.ActiveCfg = Ad-Hoc|iPhone
		{152F9E4B-B7B4-49DC-9714-E9DED0B73FAB}.Ad-Hoc|iPhone.Build.0 = Ad-Hoc|iPhone
		{152F9E4B-B7B4-49DC-9714-E9DED0B73FAB}.Ad-Hoc|iPhone.Deploy.0 = Ad-Hoc|iPhone
		{152F9E4B-B7B4-49DC-9714-E9DED0B73FAB}.Ad-Hoc|iPhoneSimulator.ActiveCfg = Ad-Hoc|iPhoneSimulator
		{152F9E4B-B7B4-49DC-9714-E9DED0B73FAB}.Ad-Hoc|iPhoneSimulator.Build.0 = Ad-Hoc|iPhoneSimulator
		{152F9E4B-B7B4-49DC-9714-E9DED0B73FAB}.Ad-Hoc|iPhoneSimulator.Deploy.0 = Ad-Hoc|iPhoneSimulator
		{152F9E4B-B7B4-49DC-9714-E9DED0B73FAB}.AppStore|Any CPU.ActiveCfg = AppStore|iPhone
		{152F9E4B-B7B4-49DC-9714-E9DED0B73FAB}.AppStore|Any CPU.Build.0 = AppStore|iPhone
		{152F9E4B-B7B4-49DC-9714-E9DED0B73FAB}.AppStore|Any CPU.Deploy.0 = AppStore|iPhone
		{152F9E4B-B7B4-49DC-9714-E9DED0B73FAB}.AppStore|iPhone.ActiveCfg = AppStore|iPhone
		{152F9E4B-B7B4-49DC-9714-E9DED0B73FAB}.AppStore|iPhone.Build.0 = AppStore|iPhone
		{152F9E4B-B7B4-49DC-9714-E9DED0B73FAB}.AppStore|iPhone.Deploy.0 = AppStore|iPhone
		{152F9E4B-B7B4-49DC-9714-E9DED0B73FAB}.AppStore|iPhoneSimulator.ActiveCfg = AppStore|iPhoneSimulator
		{152F9E4B-B7B4-49DC-9714-E9DED0B73FAB}.AppStore|iPhoneSimulator.Build.0 = AppStore|iPhoneSimulator
		{152F9E4B-B7B4-49DC-9714-E9DED0B73FAB}.AppStore|iPhoneSimulator.Deploy.0 = AppStore|iPhoneSimulator
		{152F9E4B-B7B4-49DC-9714-E9DED0B73FAB}.Debug|Any CPU.ActiveCfg = Debug|iPhoneSimulator
		{152F9E4B-B7B4-49DC-9714-E9DED0B73FAB}.Debug|Any CPU.Build.0 = Debug|iPhoneSimulator
		{152F9E4B-B7B4-49DC-9714-E9DED0B73FAB}.Debug|Any CPU.Deploy.0 = Debug|iPhoneSimulator
		{152F9E4B-B7B4-49DC-9714-E9DED0B73FAB}.Debug|iPhone.ActiveCfg = Debug|iPhone
		{152F9E4B-B7B4-49DC-9714-E9DED0B73FAB}.Debug|iPhone.Build.0 = Debug|iPhone
		{152F9E4B-B7B4-49DC-9714-E9DED0B73FAB}.Debug|iPhone.Deploy.0 = Debug|iPhone
		{152F9E4B-B7B4-49DC-9714-E9DED0B73FAB}.Debug|iPhoneSimulator.ActiveCfg = Debug|iPhoneSimulator
		{152F9E4B-B7B4-49DC-9714-E9DED0B73FAB}.Debug|iPhoneSimulator.Build.0 = Debug|iPhoneSimulator
		{152F9E4B-B7B4-49DC-9714-E9DED0B73FAB}.Debug|iPhoneSimulator.Deploy.0 = Debug|iPhoneSimulator
		{152F9E4B-B7B4-49DC-9714-E9DED0B73FAB}.Release|Any CPU.ActiveCfg = Release|iPhone
		{152F9E4B-B7B4-49DC-9714-E9DED0B73FAB}.Release|Any CPU.Build.0 = Release|iPhone
		{152F9E4B-B7B4-49DC-9714-E9DED0B73FAB}.Release|Any CPU.Deploy.0 = Release|iPhone
		{152F9E4B-B7B4-49DC-9714-E9DED0B73FAB}.Release|iPhone.ActiveCfg = Release|iPhone
		{152F9E4B-B7B4-49DC-9714-E9DED0B73FAB}.Release|iPhone.Build.0 = Release|iPhone
		{152F9E4B-B7B4-49DC-9714-E9DED0B73FAB}.Release|iPhone.Deploy.0 = Release|iPhone
		{152F9E4B-B7B4-49DC-9714-E9DED0B73FAB}.Release|iPhoneSimulator.ActiveCfg = Release|iPhoneSimulator
		{152F9E4B-B7B4-49DC-9714-E9DED0B73FAB}.Release|iPhoneSimulator.Build.0 = Release|iPhoneSimulator
		{152F9E4B-B7B4-49DC-9714-E9DED0B73FAB}.Release|iPhoneSimulator.Deploy.0 = Release|iPhoneSimulator
		{0C446569-E4BD-4CCD-AA34-E62E918B31C6}.Ad-Hoc|Any CPU.ActiveCfg = Debug|Any CPU
		{0C446569-E4BD-4CCD-AA34-E62E918B31C6}.Ad-Hoc|Any CPU.Build.0 = Debug|Any CPU
		{0C446569-E4BD-4CCD-AA34-E62E918B31C6}.Ad-Hoc|Any CPU.Deploy.0 = Debug|Any CPU
		{0C446569-E4BD-4CCD-AA34-E62E918B31C6}.Ad-Hoc|iPhone.ActiveCfg = Debug|Any CPU
		{0C446569-E4BD-4CCD-AA34-E62E918B31C6}.Ad-Hoc|iPhone.Build.0 = Debug|Any CPU
		{0C446569-E4BD-4CCD-AA34-E62E918B31C6}.Ad-Hoc|iPhone.Deploy.0 = Debug|Any CPU
		{0C446569-E4BD-4CCD-AA34-E62E918B31C6}.Ad-Hoc|iPhoneSimulator.ActiveCfg = Debug|Any CPU
		{0C446569-E4BD-4CCD-AA34-E62E918B31C6}.Ad-Hoc|iPhoneSimulator.Build.0 = Debug|Any CPU
		{0C446569-E4BD-4CCD-AA34-E62E918B31C6}.Ad-Hoc|iPhoneSimulator.Deploy.0 = Debug|Any CPU
		{0C446569-E4BD-4CCD-AA34-E62E918B31C6}.AppStore|Any CPU.ActiveCfg = Debug|Any CPU
		{0C446569-E4BD-4CCD-AA34-E62E918B31C6}.AppStore|Any CPU.Build.0 = Debug|Any CPU
		{0C446569-E4BD-4CCD-AA34-E62E918B31C6}.AppStore|Any CPU.Deploy.0 = Debug|Any CPU
		{0C446569-E4BD-4CCD-AA34-E62E918B31C6}.AppStore|iPhone.ActiveCfg = Debug|Any CPU
		{0C446569-E4BD-4CCD-AA34-E62E918B31C6}.AppStore|iPhone.Build.0 = Debug|Any CPU
		{0C446569-E4BD-4CCD-AA34-E62E918B31C6}.AppStore|iPhone.Deploy.0 = Debug|Any CPU
		{0C446569-E4BD-4CCD-AA34-E62E918B31C6}.AppStore|iPhoneSimulator.ActiveCfg = Debug|Any CPU
		{0C446569-E4BD-4CCD-AA34-E62E918B31C6}.AppStore|iPhoneSimulator.Build.0 = Debug|Any CPU
		{0C446569-E4BD-4CCD-AA34-E62E918B31C6}.AppStore|iPhoneSimulator.Deploy.0 = Debug|Any CPU
		{0C446569-E4BD-4CCD-AA34-E62E918B31C6}.Debug|Any CPU.ActiveCfg = Debug|Any CPU
		{0C446569-E4BD-4CCD-AA34-E62E918B31C6}.Debug|Any CPU.Build.0 = Debug|Any CPU
		{0C446569-E4BD-4CCD-AA34-E62E918B31C6}.Debug|Any CPU.Deploy.0 = Debug|Any CPU
		{0C446569-E4BD-4CCD-AA34-E62E918B31C6}.Debug|iPhone.ActiveCfg = Debug|Any CPU
		{0C446569-E4BD-4CCD-AA34-E62E918B31C6}.Debug|iPhone.Build.0 = Debug|Any CPU
		{0C446569-E4BD-4CCD-AA34-E62E918B31C6}.Debug|iPhone.Deploy.0 = Debug|Any CPU
		{0C446569-E4BD-4CCD-AA34-E62E918B31C6}.Debug|iPhoneSimulator.ActiveCfg = Debug|Any CPU
		{0C446569-E4BD-4CCD-AA34-E62E918B31C6}.Debug|iPhoneSimulator.Build.0 = Debug|Any CPU
		{0C446569-E4BD-4CCD-AA34-E62E918B31C6}.Debug|iPhoneSimulator.Deploy.0 = Debug|Any CPU
		{0C446569-E4BD-4CCD-AA34-E62E918B31C6}.Release|Any CPU.ActiveCfg = Release|Any CPU
		{0C446569-E4BD-4CCD-AA34-E62E918B31C6}.Release|Any CPU.Build.0 = Release|Any CPU
		{0C446569-E4BD-4CCD-AA34-E62E918B31C6}.Release|Any CPU.Deploy.0 = Release|Any CPU
		{0C446569-E4BD-4CCD-AA34-E62E918B31C6}.Release|iPhone.ActiveCfg = Release|Any CPU
		{0C446569-E4BD-4CCD-AA34-E62E918B31C6}.Release|iPhone.Build.0 = Release|Any CPU
		{0C446569-E4BD-4CCD-AA34-E62E918B31C6}.Release|iPhone.Deploy.0 = Release|Any CPU
		{0C446569-E4BD-4CCD-AA34-E62E918B31C6}.Release|iPhoneSimulator.ActiveCfg = Release|Any CPU
		{0C446569-E4BD-4CCD-AA34-E62E918B31C6}.Release|iPhoneSimulator.Build.0 = Release|Any CPU
		{0C446569-E4BD-4CCD-AA34-E62E918B31C6}.Release|iPhoneSimulator.Deploy.0 = Release|Any CPU
		{DF05F4F5-0EF9-4BCF-883B-7A42E2EA0842}.Ad-Hoc|Any CPU.ActiveCfg = Debug|Any CPU
		{DF05F4F5-0EF9-4BCF-883B-7A42E2EA0842}.Ad-Hoc|Any CPU.Build.0 = Debug|Any CPU
		{DF05F4F5-0EF9-4BCF-883B-7A42E2EA0842}.Ad-Hoc|iPhone.ActiveCfg = Debug|Any CPU
		{DF05F4F5-0EF9-4BCF-883B-7A42E2EA0842}.Ad-Hoc|iPhone.Build.0 = Debug|Any CPU
		{DF05F4F5-0EF9-4BCF-883B-7A42E2EA0842}.Ad-Hoc|iPhoneSimulator.ActiveCfg = Debug|Any CPU
		{DF05F4F5-0EF9-4BCF-883B-7A42E2EA0842}.Ad-Hoc|iPhoneSimulator.Build.0 = Debug|Any CPU
		{DF05F4F5-0EF9-4BCF-883B-7A42E2EA0842}.AppStore|Any CPU.ActiveCfg = Debug|Any CPU
		{DF05F4F5-0EF9-4BCF-883B-7A42E2EA0842}.AppStore|Any CPU.Build.0 = Debug|Any CPU
		{DF05F4F5-0EF9-4BCF-883B-7A42E2EA0842}.AppStore|iPhone.ActiveCfg = Debug|Any CPU
		{DF05F4F5-0EF9-4BCF-883B-7A42E2EA0842}.AppStore|iPhone.Build.0 = Debug|Any CPU
		{DF05F4F5-0EF9-4BCF-883B-7A42E2EA0842}.AppStore|iPhoneSimulator.ActiveCfg = Debug|Any CPU
		{DF05F4F5-0EF9-4BCF-883B-7A42E2EA0842}.AppStore|iPhoneSimulator.Build.0 = Debug|Any CPU
		{DF05F4F5-0EF9-4BCF-883B-7A42E2EA0842}.Debug|Any CPU.ActiveCfg = Debug|Any CPU
		{DF05F4F5-0EF9-4BCF-883B-7A42E2EA0842}.Debug|Any CPU.Build.0 = Debug|Any CPU
		{DF05F4F5-0EF9-4BCF-883B-7A42E2EA0842}.Debug|iPhone.ActiveCfg = Debug|Any CPU
		{DF05F4F5-0EF9-4BCF-883B-7A42E2EA0842}.Debug|iPhone.Build.0 = Debug|Any CPU
		{DF05F4F5-0EF9-4BCF-883B-7A42E2EA0842}.Debug|iPhoneSimulator.ActiveCfg = Debug|Any CPU
		{DF05F4F5-0EF9-4BCF-883B-7A42E2EA0842}.Debug|iPhoneSimulator.Build.0 = Debug|Any CPU
		{DF05F4F5-0EF9-4BCF-883B-7A42E2EA0842}.Release|Any CPU.ActiveCfg = Release|Any CPU
		{DF05F4F5-0EF9-4BCF-883B-7A42E2EA0842}.Release|Any CPU.Build.0 = Release|Any CPU
		{DF05F4F5-0EF9-4BCF-883B-7A42E2EA0842}.Release|iPhone.ActiveCfg = Release|Any CPU
		{DF05F4F5-0EF9-4BCF-883B-7A42E2EA0842}.Release|iPhone.Build.0 = Release|Any CPU
		{DF05F4F5-0EF9-4BCF-883B-7A42E2EA0842}.Release|iPhoneSimulator.ActiveCfg = Release|Any CPU
		{DF05F4F5-0EF9-4BCF-883B-7A42E2EA0842}.Release|iPhoneSimulator.Build.0 = Release|Any CPU
		{38E2A944-3E55-4DF9-806D-B9256C1EE4AE}.Ad-Hoc|Any CPU.ActiveCfg = Debug|Any CPU
		{38E2A944-3E55-4DF9-806D-B9256C1EE4AE}.Ad-Hoc|Any CPU.Build.0 = Debug|Any CPU
		{38E2A944-3E55-4DF9-806D-B9256C1EE4AE}.Ad-Hoc|iPhone.ActiveCfg = Debug|Any CPU
		{38E2A944-3E55-4DF9-806D-B9256C1EE4AE}.Ad-Hoc|iPhone.Build.0 = Debug|Any CPU
		{38E2A944-3E55-4DF9-806D-B9256C1EE4AE}.Ad-Hoc|iPhoneSimulator.ActiveCfg = Debug|Any CPU
		{38E2A944-3E55-4DF9-806D-B9256C1EE4AE}.Ad-Hoc|iPhoneSimulator.Build.0 = Debug|Any CPU
		{38E2A944-3E55-4DF9-806D-B9256C1EE4AE}.AppStore|Any CPU.ActiveCfg = Debug|Any CPU
		{38E2A944-3E55-4DF9-806D-B9256C1EE4AE}.AppStore|Any CPU.Build.0 = Debug|Any CPU
		{38E2A944-3E55-4DF9-806D-B9256C1EE4AE}.AppStore|iPhone.ActiveCfg = Debug|Any CPU
		{38E2A944-3E55-4DF9-806D-B9256C1EE4AE}.AppStore|iPhone.Build.0 = Debug|Any CPU
		{38E2A944-3E55-4DF9-806D-B9256C1EE4AE}.AppStore|iPhoneSimulator.ActiveCfg = Debug|Any CPU
		{38E2A944-3E55-4DF9-806D-B9256C1EE4AE}.AppStore|iPhoneSimulator.Build.0 = Debug|Any CPU
		{38E2A944-3E55-4DF9-806D-B9256C1EE4AE}.Debug|Any CPU.ActiveCfg = Debug|Any CPU
		{38E2A944-3E55-4DF9-806D-B9256C1EE4AE}.Debug|Any CPU.Build.0 = Debug|Any CPU
		{38E2A944-3E55-4DF9-806D-B9256C1EE4AE}.Debug|iPhone.ActiveCfg = Debug|Any CPU
		{38E2A944-3E55-4DF9-806D-B9256C1EE4AE}.Debug|iPhone.Build.0 = Debug|Any CPU
		{38E2A944-3E55-4DF9-806D-B9256C1EE4AE}.Debug|iPhoneSimulator.ActiveCfg = Debug|Any CPU
		{38E2A944-3E55-4DF9-806D-B9256C1EE4AE}.Debug|iPhoneSimulator.Build.0 = Debug|Any CPU
		{38E2A944-3E55-4DF9-806D-B9256C1EE4AE}.Release|Any CPU.ActiveCfg = Release|Any CPU
		{38E2A944-3E55-4DF9-806D-B9256C1EE4AE}.Release|Any CPU.Build.0 = Release|Any CPU
		{38E2A944-3E55-4DF9-806D-B9256C1EE4AE}.Release|iPhone.ActiveCfg = Release|Any CPU
		{38E2A944-3E55-4DF9-806D-B9256C1EE4AE}.Release|iPhone.Build.0 = Release|Any CPU
		{38E2A944-3E55-4DF9-806D-B9256C1EE4AE}.Release|iPhoneSimulator.ActiveCfg = Release|Any CPU
		{38E2A944-3E55-4DF9-806D-B9256C1EE4AE}.Release|iPhoneSimulator.Build.0 = Release|Any CPU
	EndGlobalSection
	GlobalSection(SolutionProperties) = preSolution
		HideSolutionNode = FALSE
	EndGlobalSection
	GlobalSection(ExtensibilityGlobals) = postSolution
		SolutionGuid = {8F8FC8EC-D284-4332-9E8D-FBF94F6D8DA5}
	EndGlobalSection
EndGlobal
